
Microsoft Visual Studio Solution File, Format Version 12.00
# Visual Studio Version 17
VisualStudioVersion = 17.3.32825.248
MinimumVisualStudioVersion = 10.0.40219.1
Project("{8BC9CEB8-8B4A-11D0-8D11-00A0C91BC942}") = "taewookkoh_doublelinkedlist", "taewookkoh_doublelinkedlist\taewookkoh_doublelinkedlist.vcxproj", "{2D87B586-AEB9-40D4-AC1D-362553B4E822}"
EndProject
Global
	GlobalSection(SolutionConfigurationPlatforms) = preSolution
		Debug|x64 = Debug|x64
		Debug|x86 = Debug|x86
		Release|x64 = Release|x64
		Release|x86 = Release|x86
	EndGlobalSection
	GlobalSection(ProjectConfigurationPlatforms) = postSolution
		{2D87B586-AEB9-40D4-AC1D-362553B4E822}.Debug|x64.ActiveCfg = Debug|x64
		{2D87B586-AEB9-40D4-AC1D-362553B4E822}.Debug|x64.Build.0 = Debug|x64
		{2D87B586-AEB9-40D4-AC1D-362553B4E822}.Debug|x86.ActiveCfg = Debug|Win32
		{2D87B586-AEB9-40D4-AC1D-362553B4E822}.Debug|x86.Build.0 = Debug|Win32
		{2D87B586-AEB9-40D4-AC1D-362553B4E822}.Release|x64.ActiveCfg = Release|x64
		{2D87B586-AEB9-40D4-AC1D-362553B4E822}.Release|x64.Build.0 = Release|x64
		{2D87B586-AEB9-40D4-AC1D-362553B4E822}.Release|x86.ActiveCfg = Release|Win32
		{2D87B586-AEB9-40D4-AC1D-362553B4E822}.Release|x86.Build.0 = Release|Win32
	EndGlobalSection
	GlobalSection(SolutionProperties) = preSolution
		HideSolutionNode = FALSE
	EndGlobalSection
	GlobalSection(ExtensibilityGlobals) = postSolution
		SolutionGuid = {A9F32E73-AF2E-46C3-832E-1987896DE3B9}
	EndGlobalSection
EndGlobal
